// !$*UTF8*$!
{
	archiveVersion = 1;
	classes = {
	};
	objectVersion = 55;
	objects = {

/* Begin PBXBuildFile section */
		5729C49A29C998C80085E872 /* UIColor + .swift in Sources */ = {isa = PBXBuildFile; fileRef = 5729C49929C998C80085E872 /* UIColor + .swift */; };
		57626890296ECCFE00F9CA8B /* MainView.swift in Sources */ = {isa = PBXBuildFile; fileRef = 5762688F296ECCFE00F9CA8B /* MainView.swift */; };
		57626896296ED22000F9CA8B /* MainView_MVP.swift in Sources */ = {isa = PBXBuildFile; fileRef = 57626895296ED22000F9CA8B /* MainView_MVP.swift */; };
		57626897296ED22000F9CA8B /* LoginView_MVP.swift in Sources */ = {isa = PBXBuildFile; fileRef = 57626894296ED22000F9CA8B /* LoginView_MVP.swift */; };
		57626898296ED23300F9CA8B /* MainViewController_MVC.swift in Sources */ = {isa = PBXBuildFile; fileRef = 57626892296ED22000F9CA8B /* MainViewController_MVC.swift */; };
		57626899296ED23300F9CA8B /* LoginViewController_MVC.swift in Sources */ = {isa = PBXBuildFile; fileRef = 57626893296ED22000F9CA8B /* LoginViewController_MVC.swift */; };
		5762689D296ED3F400F9CA8B /* LoginPresenter_MVP.swift in Sources */ = {isa = PBXBuildFile; fileRef = 5762689C296ED3F400F9CA8B /* LoginPresenter_MVP.swift */; };
		5762689F296ED9D000F9CA8B /* LoginConfigurator_MVP.swift in Sources */ = {isa = PBXBuildFile; fileRef = 5762689E296ED9D000F9CA8B /* LoginConfigurator_MVP.swift */; };
		576268A1296EDBCD00F9CA8B /* LoginRouter_MVP.swift in Sources */ = {isa = PBXBuildFile; fileRef = 576268A0296EDBCD00F9CA8B /* LoginRouter_MVP.swift */; };
		576268A3296EEBFC00F9CA8B /* MainConfigurator_MVP.swift in Sources */ = {isa = PBXBuildFile; fileRef = 576268A2296EEBFC00F9CA8B /* MainConfigurator_MVP.swift */; };
		576268A5296EEC3E00F9CA8B /* MainPresenter_MVP.swift in Sources */ = {isa = PBXBuildFile; fileRef = 576268A4296EEC3E00F9CA8B /* MainPresenter_MVP.swift */; };
		576268A7296EECA900F9CA8B /* MainRouter_MVP.swift in Sources */ = {isa = PBXBuildFile; fileRef = 576268A6296EECA900F9CA8B /* MainRouter_MVP.swift */; };
		576268AA296EEFE800F9CA8B /* LoginView_MVVM.swift in Sources */ = {isa = PBXBuildFile; fileRef = 576268A9296EEFE800F9CA8B /* LoginView_MVVM.swift */; };
		576268AC296EEFFB00F9CA8B /* LoginViewModel_MVVM.swift in Sources */ = {isa = PBXBuildFile; fileRef = 576268AB296EEFFB00F9CA8B /* LoginViewModel_MVVM.swift */; };
		576268AF296EF01A00F9CA8B /* MainView_MVVM.swift in Sources */ = {isa = PBXBuildFile; fileRef = 576268AE296EF01A00F9CA8B /* MainView_MVVM.swift */; };
		576268B1296EF02900F9CA8B /* MainViewModel_MVVM.swift in Sources */ = {isa = PBXBuildFile; fileRef = 576268B0296EF02900F9CA8B /* MainViewModel_MVVM.swift */; };
		576268B4296EFAE400F9CA8B /* LoginAssembler_MVVM.swift in Sources */ = {isa = PBXBuildFile; fileRef = 576268B3296EFAE400F9CA8B /* LoginAssembler_MVVM.swift */; };
		576268B6296EFB0D00F9CA8B /* MainAssembler_MVVM.swift in Sources */ = {isa = PBXBuildFile; fileRef = 576268B5296EFB0D00F9CA8B /* MainAssembler_MVVM.swift */; };
		576268B8296F0A8D00F9CA8B /* Binding.swift in Sources */ = {isa = PBXBuildFile; fileRef = 576268B7296F0A8D00F9CA8B /* Binding.swift */; };
		576268BA296F145100F9CA8B /* LoginRouter_MVVM.swift in Sources */ = {isa = PBXBuildFile; fileRef = 576268B9296F145100F9CA8B /* LoginRouter_MVVM.swift */; };
		576268BC296F175200F9CA8B /* MainRouter_MVVM.swift in Sources */ = {isa = PBXBuildFile; fileRef = 576268BB296F175200F9CA8B /* MainRouter_MVVM.swift */; };
		576268BE296F1D9B00F9CA8B /* DataBase.swift in Sources */ = {isa = PBXBuildFile; fileRef = 576268BD296F1D9B00F9CA8B /* DataBase.swift */; };
		576268C6296F390700F9CA8B /* LoginScreen_UITests.swift in Sources */ = {isa = PBXBuildFile; fileRef = 576268C5296F390700F9CA8B /* LoginScreen_UITests.swift */; };
		576268CF2972F7BC00F9CA8B /* MainScreen_UITests.swift in Sources */ = {isa = PBXBuildFile; fileRef = 576268CE2972F7BC00F9CA8B /* MainScreen_UITests.swift */; };
		576268DE2974149600F9CA8B /* LoginPresenter_MVP_Tests.swift in Sources */ = {isa = PBXBuildFile; fileRef = 576268DD2974149600F9CA8B /* LoginPresenter_MVP_Tests.swift */; };
		578BF951289D7DC400083FF2 /* AppDelegate.swift in Sources */ = {isa = PBXBuildFile; fileRef = 578BF950289D7DC400083FF2 /* AppDelegate.swift */; };
		578BF953289D7DC400083FF2 /* SceneDelegate.swift in Sources */ = {isa = PBXBuildFile; fileRef = 578BF952289D7DC400083FF2 /* SceneDelegate.swift */; };
		578BF95A289D7DC600083FF2 /* Assets.xcassets in Resources */ = {isa = PBXBuildFile; fileRef = 578BF959289D7DC600083FF2 /* Assets.xcassets */; };
		578BF95D289D7DC600083FF2 /* LaunchScreen.storyboard in Resources */ = {isa = PBXBuildFile; fileRef = 578BF95B289D7DC600083FF2 /* LaunchScreen.storyboard */; };
		578BF965289D7E0300083FF2 /* User.swift in Sources */ = {isa = PBXBuildFile; fileRef = 578BF964289D7E0300083FF2 /* User.swift */; };
		578BF96B289EF76A00083FF2 /* LoginView.swift in Sources */ = {isa = PBXBuildFile; fileRef = 578BF96A289EF76A00083FF2 /* LoginView.swift */; };
		57CF6469297417A20025A84E /* LoginView_MVP_Spy.swift in Sources */ = {isa = PBXBuildFile; fileRef = 57CF6468297417A20025A84E /* LoginView_MVP_Spy.swift */; };
		57CF646B2974184D0025A84E /* LoginRouter_MVP_Spy.swift in Sources */ = {isa = PBXBuildFile; fileRef = 57CF646A2974184D0025A84E /* LoginRouter_MVP_Spy.swift */; };
		57CF6470297434B40025A84E /* MainPresenter_MVP_Tests.swift in Sources */ = {isa = PBXBuildFile; fileRef = 57CF646F297434B40025A84E /* MainPresenter_MVP_Tests.swift */; };
		57CF6472297435A70025A84E /* MainView_MVP_Spy.swift in Sources */ = {isa = PBXBuildFile; fileRef = 57CF6471297435A70025A84E /* MainView_MVP_Spy.swift */; };
		57CF6474297435C90025A84E /* MainRouter_MVP_Spy.swift in Sources */ = {isa = PBXBuildFile; fileRef = 57CF6473297435C90025A84E /* MainRouter_MVP_Spy.swift */; };
		57CF647B29743EC90025A84E /* LoginViewModel_MVVM_Tests.swift in Sources */ = {isa = PBXBuildFile; fileRef = 57CF647A29743EC90025A84E /* LoginViewModel_MVVM_Tests.swift */; };
		57CF647D29743EEC0025A84E /* MainViewModel_MVVM_Tests.swift in Sources */ = {isa = PBXBuildFile; fileRef = 57CF647C29743EEC0025A84E /* MainViewModel_MVVM_Tests.swift */; };
		57CF647F297440D50025A84E /* LoginRouter_MVVM_Spy.swift in Sources */ = {isa = PBXBuildFile; fileRef = 57CF647E297440D50025A84E /* LoginRouter_MVVM_Spy.swift */; };
		57CF6481297444520025A84E /* LoginView_MVVM_Spy.swift in Sources */ = {isa = PBXBuildFile; fileRef = 57CF6480297444520025A84E /* LoginView_MVVM_Spy.swift */; };
/* End PBXBuildFile section */

/* Begin PBXContainerItemProxy section */
		576268C9296F390700F9CA8B /* PBXContainerItemProxy */ = {
			isa = PBXContainerItemProxy;
			containerPortal = 578BF945289D7DC300083FF2 /* Project object */;
			proxyType = 1;
			remoteGlobalIDString = 578BF94C289D7DC400083FF2;
			remoteInfo = "Architecture Patterns";
		};
		576268D82974134D00F9CA8B /* PBXContainerItemProxy */ = {
			isa = PBXContainerItemProxy;
			containerPortal = 578BF945289D7DC300083FF2 /* Project object */;
			proxyType = 1;
			remoteGlobalIDString = 578BF94C289D7DC400083FF2;
			remoteInfo = "Architecture Patterns";
		};
/* End PBXContainerItemProxy section */

/* Begin PBXFileReference section */
		5729C49929C998C80085E872 /* UIColor + .swift */ = {isa = PBXFileReference; lastKnownFileType = sourcecode.swift; path = "UIColor + .swift"; sourceTree = "<group>"; };
		5762688F296ECCFE00F9CA8B /* MainView.swift */ = {isa = PBXFileReference; lastKnownFileType = sourcecode.swift; path = MainView.swift; sourceTree = "<group>"; };
		57626892296ED22000F9CA8B /* MainViewController_MVC.swift */ = {isa = PBXFileReference; lastKnownFileType = sourcecode.swift; path = MainViewController_MVC.swift; sourceTree = "<group>"; };
		57626893296ED22000F9CA8B /* LoginViewController_MVC.swift */ = {isa = PBXFileReference; lastKnownFileType = sourcecode.swift; path = LoginViewController_MVC.swift; sourceTree = "<group>"; };
		57626894296ED22000F9CA8B /* LoginView_MVP.swift */ = {isa = PBXFileReference; lastKnownFileType = sourcecode.swift; path = LoginView_MVP.swift; sourceTree = "<group>"; };
		57626895296ED22000F9CA8B /* MainView_MVP.swift */ = {isa = PBXFileReference; lastKnownFileType = sourcecode.swift; path = MainView_MVP.swift; sourceTree = "<group>"; };
		5762689C296ED3F400F9CA8B /* LoginPresenter_MVP.swift */ = {isa = PBXFileReference; lastKnownFileType = sourcecode.swift; path = LoginPresenter_MVP.swift; sourceTree = "<group>"; };
		5762689E296ED9D000F9CA8B /* LoginConfigurator_MVP.swift */ = {isa = PBXFileReference; lastKnownFileType = sourcecode.swift; path = LoginConfigurator_MVP.swift; sourceTree = "<group>"; };
		576268A0296EDBCD00F9CA8B /* LoginRouter_MVP.swift */ = {isa = PBXFileReference; lastKnownFileType = sourcecode.swift; path = LoginRouter_MVP.swift; sourceTree = "<group>"; };
		576268A2296EEBFC00F9CA8B /* MainConfigurator_MVP.swift */ = {isa = PBXFileReference; lastKnownFileType = sourcecode.swift; path = MainConfigurator_MVP.swift; sourceTree = "<group>"; };
		576268A4296EEC3E00F9CA8B /* MainPresenter_MVP.swift */ = {isa = PBXFileReference; lastKnownFileType = sourcecode.swift; path = MainPresenter_MVP.swift; sourceTree = "<group>"; };
		576268A6296EECA900F9CA8B /* MainRouter_MVP.swift */ = {isa = PBXFileReference; lastKnownFileType = sourcecode.swift; path = MainRouter_MVP.swift; sourceTree = "<group>"; };
		576268A9296EEFE800F9CA8B /* LoginView_MVVM.swift */ = {isa = PBXFileReference; lastKnownFileType = sourcecode.swift; path = LoginView_MVVM.swift; sourceTree = "<group>"; };
		576268AB296EEFFB00F9CA8B /* LoginViewModel_MVVM.swift */ = {isa = PBXFileReference; lastKnownFileType = sourcecode.swift; path = LoginViewModel_MVVM.swift; sourceTree = "<group>"; };
		576268AE296EF01A00F9CA8B /* MainView_MVVM.swift */ = {isa = PBXFileReference; lastKnownFileType = sourcecode.swift; path = MainView_MVVM.swift; sourceTree = "<group>"; };
		576268B0296EF02900F9CA8B /* MainViewModel_MVVM.swift */ = {isa = PBXFileReference; lastKnownFileType = sourcecode.swift; path = MainViewModel_MVVM.swift; sourceTree = "<group>"; };
		576268B3296EFAE400F9CA8B /* LoginAssembler_MVVM.swift */ = {isa = PBXFileReference; lastKnownFileType = sourcecode.swift; path = LoginAssembler_MVVM.swift; sourceTree = "<group>"; };
		576268B5296EFB0D00F9CA8B /* MainAssembler_MVVM.swift */ = {isa = PBXFileReference; lastKnownFileType = sourcecode.swift; path = MainAssembler_MVVM.swift; sourceTree = "<group>"; };
		576268B7296F0A8D00F9CA8B /* Binding.swift */ = {isa = PBXFileReference; lastKnownFileType = sourcecode.swift; path = Binding.swift; sourceTree = "<group>"; };
		576268B9296F145100F9CA8B /* LoginRouter_MVVM.swift */ = {isa = PBXFileReference; lastKnownFileType = sourcecode.swift; path = LoginRouter_MVVM.swift; sourceTree = "<group>"; };
		576268BB296F175200F9CA8B /* MainRouter_MVVM.swift */ = {isa = PBXFileReference; lastKnownFileType = sourcecode.swift; path = MainRouter_MVVM.swift; sourceTree = "<group>"; };
		576268BD296F1D9B00F9CA8B /* DataBase.swift */ = {isa = PBXFileReference; lastKnownFileType = sourcecode.swift; path = DataBase.swift; sourceTree = "<group>"; };
		576268C3296F390700F9CA8B /* ArchitecturePatternsUITests.xctest */ = {isa = PBXFileReference; explicitFileType = wrapper.cfbundle; includeInIndex = 0; path = ArchitecturePatternsUITests.xctest; sourceTree = BUILT_PRODUCTS_DIR; };
		576268C5296F390700F9CA8B /* LoginScreen_UITests.swift */ = {isa = PBXFileReference; lastKnownFileType = sourcecode.swift; path = LoginScreen_UITests.swift; sourceTree = "<group>"; };
		576268CE2972F7BC00F9CA8B /* MainScreen_UITests.swift */ = {isa = PBXFileReference; lastKnownFileType = sourcecode.swift; path = MainScreen_UITests.swift; sourceTree = "<group>"; };
		576268D42974134D00F9CA8B /* ArchitecturePatternsTests.xctest */ = {isa = PBXFileReference; explicitFileType = wrapper.cfbundle; includeInIndex = 0; path = ArchitecturePatternsTests.xctest; sourceTree = BUILT_PRODUCTS_DIR; };
		576268DD2974149600F9CA8B /* LoginPresenter_MVP_Tests.swift */ = {isa = PBXFileReference; lastKnownFileType = sourcecode.swift; path = LoginPresenter_MVP_Tests.swift; sourceTree = "<group>"; };
		578BF94D289D7DC400083FF2 /* Architecture Patterns.app */ = {isa = PBXFileReference; explicitFileType = wrapper.application; includeInIndex = 0; path = "Architecture Patterns.app"; sourceTree = BUILT_PRODUCTS_DIR; };
		578BF950289D7DC400083FF2 /* AppDelegate.swift */ = {isa = PBXFileReference; lastKnownFileType = sourcecode.swift; path = AppDelegate.swift; sourceTree = "<group>"; };
		578BF952289D7DC400083FF2 /* SceneDelegate.swift */ = {isa = PBXFileReference; lastKnownFileType = sourcecode.swift; path = SceneDelegate.swift; sourceTree = "<group>"; };
		578BF959289D7DC600083FF2 /* Assets.xcassets */ = {isa = PBXFileReference; lastKnownFileType = folder.assetcatalog; path = Assets.xcassets; sourceTree = "<group>"; };
		578BF95C289D7DC600083FF2 /* Base */ = {isa = PBXFileReference; lastKnownFileType = file.storyboard; name = Base; path = Base.lproj/LaunchScreen.storyboard; sourceTree = "<group>"; };
		578BF95E289D7DC600083FF2 /* Info.plist */ = {isa = PBXFileReference; lastKnownFileType = text.plist.xml; path = Info.plist; sourceTree = "<group>"; };
		578BF964289D7E0300083FF2 /* User.swift */ = {isa = PBXFileReference; lastKnownFileType = sourcecode.swift; path = User.swift; sourceTree = "<group>"; };
		578BF96A289EF76A00083FF2 /* LoginView.swift */ = {isa = PBXFileReference; lastKnownFileType = sourcecode.swift; path = LoginView.swift; sourceTree = "<group>"; };
		57CF6468297417A20025A84E /* LoginView_MVP_Spy.swift */ = {isa = PBXFileReference; lastKnownFileType = sourcecode.swift; path = LoginView_MVP_Spy.swift; sourceTree = "<group>"; };
		57CF646A2974184D0025A84E /* LoginRouter_MVP_Spy.swift */ = {isa = PBXFileReference; lastKnownFileType = sourcecode.swift; path = LoginRouter_MVP_Spy.swift; sourceTree = "<group>"; };
		57CF646F297434B40025A84E /* MainPresenter_MVP_Tests.swift */ = {isa = PBXFileReference; lastKnownFileType = sourcecode.swift; path = MainPresenter_MVP_Tests.swift; sourceTree = "<group>"; };
		57CF6471297435A70025A84E /* MainView_MVP_Spy.swift */ = {isa = PBXFileReference; lastKnownFileType = sourcecode.swift; path = MainView_MVP_Spy.swift; sourceTree = "<group>"; };
		57CF6473297435C90025A84E /* MainRouter_MVP_Spy.swift */ = {isa = PBXFileReference; lastKnownFileType = sourcecode.swift; path = MainRouter_MVP_Spy.swift; sourceTree = "<group>"; };
		57CF647A29743EC90025A84E /* LoginViewModel_MVVM_Tests.swift */ = {isa = PBXFileReference; lastKnownFileType = sourcecode.swift; path = LoginViewModel_MVVM_Tests.swift; sourceTree = "<group>"; };
		57CF647C29743EEC0025A84E /* MainViewModel_MVVM_Tests.swift */ = {isa = PBXFileReference; lastKnownFileType = sourcecode.swift; path = MainViewModel_MVVM_Tests.swift; sourceTree = "<group>"; };
		57CF647E297440D50025A84E /* LoginRouter_MVVM_Spy.swift */ = {isa = PBXFileReference; lastKnownFileType = sourcecode.swift; path = LoginRouter_MVVM_Spy.swift; sourceTree = "<group>"; };
		57CF6480297444520025A84E /* LoginView_MVVM_Spy.swift */ = {isa = PBXFileReference; lastKnownFileType = sourcecode.swift; path = LoginView_MVVM_Spy.swift; sourceTree = "<group>"; };
/* End PBXFileReference section */

/* Begin PBXFrameworksBuildPhase section */
		576268C0296F390700F9CA8B /* Frameworks */ = {
			isa = PBXFrameworksBuildPhase;
			buildActionMask = 2147483647;
			files = (
			);
			runOnlyForDeploymentPostprocessing = 0;
		};
		576268D12974134D00F9CA8B /* Frameworks */ = {
			isa = PBXFrameworksBuildPhase;
			buildActionMask = 2147483647;
			files = (
			);
			runOnlyForDeploymentPostprocessing = 0;
		};
		578BF94A289D7DC400083FF2 /* Frameworks */ = {
			isa = PBXFrameworksBuildPhase;
			buildActionMask = 2147483647;
			files = (
			);
			runOnlyForDeploymentPostprocessing = 0;
		};
/* End PBXFrameworksBuildPhase section */

/* Begin PBXGroup section */
		5729C49829C998B80085E872 /* Extensions */ = {
			isa = PBXGroup;
			children = (
				5729C49929C998C80085E872 /* UIColor + .swift */,
			);
			path = Extensions;
			sourceTree = "<group>";
		};
		57626891296ED22000F9CA8B /* MVP */ = {
			isa = PBXGroup;
			children = (
				5762689A296ED2DB00F9CA8B /* Login Scene */,
				5762689B296ED2F600F9CA8B /* Main Scene */,
			);
			path = MVP;
			sourceTree = "<group>";
		};
		5762689A296ED2DB00F9CA8B /* Login Scene */ = {
			isa = PBXGroup;
			children = (
				5762689E296ED9D000F9CA8B /* LoginConfigurator_MVP.swift */,
				5762689C296ED3F400F9CA8B /* LoginPresenter_MVP.swift */,
				576268A0296EDBCD00F9CA8B /* LoginRouter_MVP.swift */,
				57626894296ED22000F9CA8B /* LoginView_MVP.swift */,
			);
			path = "Login Scene";
			sourceTree = "<group>";
		};
		5762689B296ED2F600F9CA8B /* Main Scene */ = {
			isa = PBXGroup;
			children = (
				576268A2296EEBFC00F9CA8B /* MainConfigurator_MVP.swift */,
				576268A4296EEC3E00F9CA8B /* MainPresenter_MVP.swift */,
				576268A6296EECA900F9CA8B /* MainRouter_MVP.swift */,
				57626895296ED22000F9CA8B /* MainView_MVP.swift */,
			);
			path = "Main Scene";
			sourceTree = "<group>";
		};
		576268A8296EEFC200F9CA8B /* MVVM */ = {
			isa = PBXGroup;
			children = (
				576268B7296F0A8D00F9CA8B /* Binding.swift */,
				576268AD296EF00800F9CA8B /* Login Scene */,
				576268B2296EF02D00F9CA8B /* Main Scene */,
			);
			path = MVVM;
			sourceTree = "<group>";
		};
		576268AD296EF00800F9CA8B /* Login Scene */ = {
			isa = PBXGroup;
			children = (
				576268B3296EFAE400F9CA8B /* LoginAssembler_MVVM.swift */,
				576268AB296EEFFB00F9CA8B /* LoginViewModel_MVVM.swift */,
				576268B9296F145100F9CA8B /* LoginRouter_MVVM.swift */,
				576268A9296EEFE800F9CA8B /* LoginView_MVVM.swift */,
			);
			path = "Login Scene";
			sourceTree = "<group>";
		};
		576268B2296EF02D00F9CA8B /* Main Scene */ = {
			isa = PBXGroup;
			children = (
				576268B5296EFB0D00F9CA8B /* MainAssembler_MVVM.swift */,
				576268B0296EF02900F9CA8B /* MainViewModel_MVVM.swift */,
				576268BB296F175200F9CA8B /* MainRouter_MVVM.swift */,
				576268AE296EF01A00F9CA8B /* MainView_MVVM.swift */,
			);
			path = "Main Scene";
			sourceTree = "<group>";
		};
		576268C4296F390700F9CA8B /* ArchitecturePatternsUITests */ = {
			isa = PBXGroup;
			children = (
				576268C5296F390700F9CA8B /* LoginScreen_UITests.swift */,
				576268CE2972F7BC00F9CA8B /* MainScreen_UITests.swift */,
			);
			path = ArchitecturePatternsUITests;
			sourceTree = "<group>";
		};
		576268D52974134D00F9CA8B /* ArchitecturePatternsTests */ = {
			isa = PBXGroup;
			children = (
				57CF646D297422870025A84E /* MVP_Tests */,
				57CF647529743E650025A84E /* MVVM_Tests */,
			);
			path = ArchitecturePatternsTests;
			sourceTree = "<group>";
		};
		578BF944289D7DC300083FF2 = {
			isa = PBXGroup;
			children = (
				578BF94F289D7DC400083FF2 /* Architecture Patterns */,
				576268C4296F390700F9CA8B /* ArchitecturePatternsUITests */,
				576268D52974134D00F9CA8B /* ArchitecturePatternsTests */,
				578BF94E289D7DC400083FF2 /* Products */,
			);
			sourceTree = "<group>";
		};
		578BF94E289D7DC400083FF2 /* Products */ = {
			isa = PBXGroup;
			children = (
				578BF94D289D7DC400083FF2 /* Architecture Patterns.app */,
				576268C3296F390700F9CA8B /* ArchitecturePatternsUITests.xctest */,
				576268D42974134D00F9CA8B /* ArchitecturePatternsTests.xctest */,
			);
			name = Products;
			sourceTree = "<group>";
		};
		578BF94F289D7DC400083FF2 /* Architecture Patterns */ = {
			isa = PBXGroup;
			children = (
				578BF950289D7DC400083FF2 /* AppDelegate.swift */,
				578BF952289D7DC400083FF2 /* SceneDelegate.swift */,
				578BF967289D7E2900083FF2 /* Models */,
				578BF968289D7E2F00083FF2 /* Views */,
				578BF966289D7E1800083FF2 /* MVC */,
				57626891296ED22000F9CA8B /* MVP */,
				576268A8296EEFC200F9CA8B /* MVVM */,
				5729C49829C998B80085E872 /* Extensions */,
				578BF959289D7DC600083FF2 /* Assets.xcassets */,
				578BF95B289D7DC600083FF2 /* LaunchScreen.storyboard */,
				578BF95E289D7DC600083FF2 /* Info.plist */,
			);
			path = "Architecture Patterns";
			sourceTree = "<group>";
		};
		578BF966289D7E1800083FF2 /* MVC */ = {
			isa = PBXGroup;
			children = (
				57626893296ED22000F9CA8B /* LoginViewController_MVC.swift */,
				57626892296ED22000F9CA8B /* MainViewController_MVC.swift */,
			);
			path = MVC;
			sourceTree = "<group>";
		};
		578BF967289D7E2900083FF2 /* Models */ = {
			isa = PBXGroup;
			children = (
				578BF964289D7E0300083FF2 /* User.swift */,
				576268BD296F1D9B00F9CA8B /* DataBase.swift */,
			);
			path = Models;
			sourceTree = "<group>";
		};
		578BF968289D7E2F00083FF2 /* Views */ = {
			isa = PBXGroup;
			children = (
				578BF96A289EF76A00083FF2 /* LoginView.swift */,
				5762688F296ECCFE00F9CA8B /* MainView.swift */,
			);
			path = Views;
			sourceTree = "<group>";
		};
		57CF64662974176F0025A84E /* Helpers */ = {
			isa = PBXGroup;
			children = (
				57CF6467297417790025A84E /* Views */,
				57CF646C297422710025A84E /* Routers */,
			);
			path = Helpers;
			sourceTree = "<group>";
		};
		57CF6467297417790025A84E /* Views */ = {
			isa = PBXGroup;
			children = (
				57CF6468297417A20025A84E /* LoginView_MVP_Spy.swift */,
				57CF6471297435A70025A84E /* MainView_MVP_Spy.swift */,
			);
			path = Views;
			sourceTree = "<group>";
		};
		57CF646C297422710025A84E /* Routers */ = {
			isa = PBXGroup;
			children = (
				57CF646A2974184D0025A84E /* LoginRouter_MVP_Spy.swift */,
				57CF6473297435C90025A84E /* MainRouter_MVP_Spy.swift */,
			);
			path = Routers;
			sourceTree = "<group>";
		};
		57CF646D297422870025A84E /* MVP_Tests */ = {
			isa = PBXGroup;
			children = (
				57CF64662974176F0025A84E /* Helpers */,
				57CF646E2974347E0025A84E /* Presenters */,
			);
			path = MVP_Tests;
			sourceTree = "<group>";
		};
		57CF646E2974347E0025A84E /* Presenters */ = {
			isa = PBXGroup;
			children = (
				576268DD2974149600F9CA8B /* LoginPresenter_MVP_Tests.swift */,
				57CF646F297434B40025A84E /* MainPresenter_MVP_Tests.swift */,
			);
			path = Presenters;
			sourceTree = "<group>";
		};
		57CF647529743E650025A84E /* MVVM_Tests */ = {
			isa = PBXGroup;
			children = (
				57CF647629743E7E0025A84E /* Helpers */,
				57CF647729743E830025A84E /* ViewModels */,
			);
			path = MVVM_Tests;
			sourceTree = "<group>";
		};
		57CF647629743E7E0025A84E /* Helpers */ = {
			isa = PBXGroup;
			children = (
				57CF647829743E910025A84E /* Views */,
				57CF647929743E980025A84E /* Routers */,
			);
			path = Helpers;
			sourceTree = "<group>";
		};
		57CF647729743E830025A84E /* ViewModels */ = {
			isa = PBXGroup;
			children = (
				57CF647A29743EC90025A84E /* LoginViewModel_MVVM_Tests.swift */,
				57CF647C29743EEC0025A84E /* MainViewModel_MVVM_Tests.swift */,
			);
			path = ViewModels;
			sourceTree = "<group>";
		};
		57CF647829743E910025A84E /* Views */ = {
			isa = PBXGroup;
			children = (
				57CF6480297444520025A84E /* LoginView_MVVM_Spy.swift */,
			);
			path = Views;
			sourceTree = "<group>";
		};
		57CF647929743E980025A84E /* Routers */ = {
			isa = PBXGroup;
			children = (
				57CF647E297440D50025A84E /* LoginRouter_MVVM_Spy.swift */,
			);
			path = Routers;
			sourceTree = "<group>";
		};
/* End PBXGroup section */

/* Begin PBXNativeTarget section */
		576268C2296F390700F9CA8B /* ArchitecturePatternsUITests */ = {
			isa = PBXNativeTarget;
			buildConfigurationList = 576268CB296F390700F9CA8B /* Build configuration list for PBXNativeTarget "ArchitecturePatternsUITests" */;
			buildPhases = (
				576268BF296F390700F9CA8B /* Sources */,
				576268C0296F390700F9CA8B /* Frameworks */,
				576268C1296F390700F9CA8B /* Resources */,
			);
			buildRules = (
			);
			dependencies = (
				576268CA296F390700F9CA8B /* PBXTargetDependency */,
			);
			name = ArchitecturePatternsUITests;
			productName = ArchitecturePatternsUITests;
			productReference = 576268C3296F390700F9CA8B /* ArchitecturePatternsUITests.xctest */;
			productType = "com.apple.product-type.bundle.ui-testing";
		};
		576268D32974134D00F9CA8B /* ArchitecturePatternsTests */ = {
			isa = PBXNativeTarget;
			buildConfigurationList = 576268DA2974134D00F9CA8B /* Build configuration list for PBXNativeTarget "ArchitecturePatternsTests" */;
			buildPhases = (
				576268D02974134D00F9CA8B /* Sources */,
				576268D12974134D00F9CA8B /* Frameworks */,
				576268D22974134D00F9CA8B /* Resources */,
			);
			buildRules = (
			);
			dependencies = (
				576268D92974134D00F9CA8B /* PBXTargetDependency */,
			);
			name = ArchitecturePatternsTests;
			productName = ArchitecturePatternsTests;
			productReference = 576268D42974134D00F9CA8B /* ArchitecturePatternsTests.xctest */;
			productType = "com.apple.product-type.bundle.unit-test";
		};
		578BF94C289D7DC400083FF2 /* Architecture Patterns */ = {
			isa = PBXNativeTarget;
			buildConfigurationList = 578BF961289D7DC600083FF2 /* Build configuration list for PBXNativeTarget "Architecture Patterns" */;
			buildPhases = (
				578BF949289D7DC400083FF2 /* Sources */,
				578BF94A289D7DC400083FF2 /* Frameworks */,
				578BF94B289D7DC400083FF2 /* Resources */,
			);
			buildRules = (
			);
			dependencies = (
			);
			name = "Architecture Patterns";
			productName = "Architecture Patterns";
			productReference = 578BF94D289D7DC400083FF2 /* Architecture Patterns.app */;
			productType = "com.apple.product-type.application";
		};
/* End PBXNativeTarget section */

/* Begin PBXProject section */
		578BF945289D7DC300083FF2 /* Project object */ = {
			isa = PBXProject;
			attributes = {
				BuildIndependentTargetsInParallel = 1;
				LastSwiftUpdateCheck = 1420;
				LastUpgradeCheck = 1340;
				TargetAttributes = {
					576268C2296F390700F9CA8B = {
						CreatedOnToolsVersion = 14.2;
						TestTargetID = 578BF94C289D7DC400083FF2;
					};
					576268D32974134D00F9CA8B = {
						CreatedOnToolsVersion = 14.2;
						LastSwiftMigration = 1420;
						TestTargetID = 578BF94C289D7DC400083FF2;
					};
					578BF94C289D7DC400083FF2 = {
						CreatedOnToolsVersion = 13.4.1;
					};
				};
			};
			buildConfigurationList = 578BF948289D7DC300083FF2 /* Build configuration list for PBXProject "Architecture Patterns" */;
			compatibilityVersion = "Xcode 13.0";
			developmentRegion = en;
			hasScannedForEncodings = 0;
			knownRegions = (
				en,
				Base,
			);
			mainGroup = 578BF944289D7DC300083FF2;
			productRefGroup = 578BF94E289D7DC400083FF2 /* Products */;
			projectDirPath = "";
			projectRoot = "";
			targets = (
				578BF94C289D7DC400083FF2 /* Architecture Patterns */,
				576268C2296F390700F9CA8B /* ArchitecturePatternsUITests */,
				576268D32974134D00F9CA8B /* ArchitecturePatternsTests */,
			);
		};
/* End PBXProject section */

/* Begin PBXResourcesBuildPhase section */
		576268C1296F390700F9CA8B /* Resources */ = {
			isa = PBXResourcesBuildPhase;
			buildActionMask = 2147483647;
			files = (
			);
			runOnlyForDeploymentPostprocessing = 0;
		};
		576268D22974134D00F9CA8B /* Resources */ = {
			isa = PBXResourcesBuildPhase;
			buildActionMask = 2147483647;
			files = (
			);
			runOnlyForDeploymentPostprocessing = 0;
		};
		578BF94B289D7DC400083FF2 /* Resources */ = {
			isa = PBXResourcesBuildPhase;
			buildActionMask = 2147483647;
			files = (
				578BF95D289D7DC600083FF2 /* LaunchScreen.storyboard in Resources */,
				578BF95A289D7DC600083FF2 /* Assets.xcassets in Resources */,
			);
			runOnlyForDeploymentPostprocessing = 0;
		};
/* End PBXResourcesBuildPhase section */

/* Begin PBXSourcesBuildPhase section */
		576268BF296F390700F9CA8B /* Sources */ = {
			isa = PBXSourcesBuildPhase;
			buildActionMask = 2147483647;
			files = (
				576268CF2972F7BC00F9CA8B /* MainScreen_UITests.swift in Sources */,
				576268C6296F390700F9CA8B /* LoginScreen_UITests.swift in Sources */,
			);
			runOnlyForDeploymentPostprocessing = 0;
		};
		576268D02974134D00F9CA8B /* Sources */ = {
			isa = PBXSourcesBuildPhase;
			buildActionMask = 2147483647;
			files = (
				57CF6474297435C90025A84E /* MainRouter_MVP_Spy.swift in Sources */,
				57CF647D29743EEC0025A84E /* MainViewModel_MVVM_Tests.swift in Sources */,
				57CF646B2974184D0025A84E /* LoginRouter_MVP_Spy.swift in Sources */,
				57CF6470297434B40025A84E /* MainPresenter_MVP_Tests.swift in Sources */,
				57CF647B29743EC90025A84E /* LoginViewModel_MVVM_Tests.swift in Sources */,
				57CF6481297444520025A84E /* LoginView_MVVM_Spy.swift in Sources */,
				57CF6472297435A70025A84E /* MainView_MVP_Spy.swift in Sources */,
				576268DE2974149600F9CA8B /* LoginPresenter_MVP_Tests.swift in Sources */,
				57CF647F297440D50025A84E /* LoginRouter_MVVM_Spy.swift in Sources */,
				57CF6469297417A20025A84E /* LoginView_MVP_Spy.swift in Sources */,
			);
			runOnlyForDeploymentPostprocessing = 0;
		};
		578BF949289D7DC400083FF2 /* Sources */ = {
			isa = PBXSourcesBuildPhase;
			buildActionMask = 2147483647;
			files = (
				576268A1296EDBCD00F9CA8B /* LoginRouter_MVP.swift in Sources */,
				576268A5296EEC3E00F9CA8B /* MainPresenter_MVP.swift in Sources */,
				57626896296ED22000F9CA8B /* MainView_MVP.swift in Sources */,
				57626899296ED23300F9CA8B /* LoginViewController_MVC.swift in Sources */,
				5762689D296ED3F400F9CA8B /* LoginPresenter_MVP.swift in Sources */,
				576268A7296EECA900F9CA8B /* MainRouter_MVP.swift in Sources */,
				5762689F296ED9D000F9CA8B /* LoginConfigurator_MVP.swift in Sources */,
				576268B8296F0A8D00F9CA8B /* Binding.swift in Sources */,
				576268B6296EFB0D00F9CA8B /* MainAssembler_MVVM.swift in Sources */,
				576268A3296EEBFC00F9CA8B /* MainConfigurator_MVP.swift in Sources */,
				576268BE296F1D9B00F9CA8B /* DataBase.swift in Sources */,
				576268B1296EF02900F9CA8B /* MainViewModel_MVVM.swift in Sources */,
				576268BC296F175200F9CA8B /* MainRouter_MVVM.swift in Sources */,
				5729C49A29C998C80085E872 /* UIColor + .swift in Sources */,
				576268AA296EEFE800F9CA8B /* LoginView_MVVM.swift in Sources */,
				57626897296ED22000F9CA8B /* LoginView_MVP.swift in Sources */,
				57626890296ECCFE00F9CA8B /* MainView.swift in Sources */,
				576268B4296EFAE400F9CA8B /* LoginAssembler_MVVM.swift in Sources */,
				578BF951289D7DC400083FF2 /* AppDelegate.swift in Sources */,
				578BF965289D7E0300083FF2 /* User.swift in Sources */,
				578BF96B289EF76A00083FF2 /* LoginView.swift in Sources */,
				57626898296ED23300F9CA8B /* MainViewController_MVC.swift in Sources */,
				578BF953289D7DC400083FF2 /* SceneDelegate.swift in Sources */,
				576268AC296EEFFB00F9CA8B /* LoginViewModel_MVVM.swift in Sources */,
				576268BA296F145100F9CA8B /* LoginRouter_MVVM.swift in Sources */,
				576268AF296EF01A00F9CA8B /* MainView_MVVM.swift in Sources */,
			);
			runOnlyForDeploymentPostprocessing = 0;
		};
/* End PBXSourcesBuildPhase section */

/* Begin PBXTargetDependency section */
		576268CA296F390700F9CA8B /* PBXTargetDependency */ = {
			isa = PBXTargetDependency;
			target = 578BF94C289D7DC400083FF2 /* Architecture Patterns */;
			targetProxy = 576268C9296F390700F9CA8B /* PBXContainerItemProxy */;
		};
		576268D92974134D00F9CA8B /* PBXTargetDependency */ = {
			isa = PBXTargetDependency;
			target = 578BF94C289D7DC400083FF2 /* Architecture Patterns */;
			targetProxy = 576268D82974134D00F9CA8B /* PBXContainerItemProxy */;
		};
/* End PBXTargetDependency section */

/* Begin PBXVariantGroup section */
		578BF95B289D7DC600083FF2 /* LaunchScreen.storyboard */ = {
			isa = PBXVariantGroup;
			children = (
				578BF95C289D7DC600083FF2 /* Base */,
			);
			name = LaunchScreen.storyboard;
			sourceTree = "<group>";
		};
/* End PBXVariantGroup section */

/* Begin XCBuildConfiguration section */
		576268CC296F390700F9CA8B /* Debug */ = {
			isa = XCBuildConfiguration;
			buildSettings = {
				CLANG_CXX_LANGUAGE_STANDARD = "gnu++20";
				CODE_SIGN_STYLE = Automatic;
				CURRENT_PROJECT_VERSION = 1;
				DEVELOPMENT_TEAM = P3BYVBK57Z;
				GENERATE_INFOPLIST_FILE = YES;
				IPHONEOS_DEPLOYMENT_TARGET = 15.5;
				MARKETING_VERSION = 1.0;
				PRODUCT_BUNDLE_IDENTIFIER = ios.biiak.ArchitecturePatternsUITests;
				PRODUCT_NAME = "$(TARGET_NAME)";
				SUPPORTED_PLATFORMS = "iphoneos iphonesimulator";
				SUPPORTS_MACCATALYST = NO;
				SUPPORTS_MAC_DESIGNED_FOR_IPHONE_IPAD = NO;
				SWIFT_EMIT_LOC_STRINGS = NO;
				SWIFT_VERSION = 5.0;
				TARGETED_DEVICE_FAMILY = 1;
				TEST_TARGET_NAME = "Architecture Patterns";
			};
			name = Debug;
		};
		576268CD296F390700F9CA8B /* Release */ = {
			isa = XCBuildConfiguration;
			buildSettings = {
				CLANG_CXX_LANGUAGE_STANDARD = "gnu++20";
				CODE_SIGN_STYLE = Automatic;
				CURRENT_PROJECT_VERSION = 1;
				DEVELOPMENT_TEAM = P3BYVBK57Z;
				GENERATE_INFOPLIST_FILE = YES;
				IPHONEOS_DEPLOYMENT_TARGET = 15.5;
				MARKETING_VERSION = 1.0;
				PRODUCT_BUNDLE_IDENTIFIER = ios.biiak.ArchitecturePatternsUITests;
				PRODUCT_NAME = "$(TARGET_NAME)";
				SUPPORTED_PLATFORMS = "iphoneos iphonesimulator";
				SUPPORTS_MACCATALYST = NO;
				SUPPORTS_MAC_DESIGNED_FOR_IPHONE_IPAD = NO;
				SWIFT_EMIT_LOC_STRINGS = NO;
				SWIFT_VERSION = 5.0;
				TARGETED_DEVICE_FAMILY = 1;
				TEST_TARGET_NAME = "Architecture Patterns";
			};
			name = Release;
		};
		576268DB2974134D00F9CA8B /* Debug */ = {
			isa = XCBuildConfiguration;
			buildSettings = {
				BUNDLE_LOADER = "$(TEST_HOST)";
				CLANG_CXX_LANGUAGE_STANDARD = "gnu++20";
				CLANG_ENABLE_MODULES = YES;
				CODE_SIGN_STYLE = Automatic;
				CURRENT_PROJECT_VERSION = 1;
				DEVELOPMENT_TEAM = P3BYVBK57Z;
				GENERATE_INFOPLIST_FILE = YES;
				IPHONEOS_DEPLOYMENT_TARGET = 16.2;
				LD_RUNPATH_SEARCH_PATHS = (
					"$(inherited)",
					"@executable_path/Frameworks",
					"@loader_path/Frameworks",
				);
				MARKETING_VERSION = 1.0;
				PRODUCT_BUNDLE_IDENTIFIER = ios.biiak.ArchitecturePatternsTests;
				PRODUCT_NAME = "$(TARGET_NAME)";
				SWIFT_EMIT_LOC_STRINGS = NO;
				SWIFT_OPTIMIZATION_LEVEL = "-Onone";
				SWIFT_VERSION = 5.0;
				TARGETED_DEVICE_FAMILY = "1,2";
				TEST_HOST = "$(BUILT_PRODUCTS_DIR)/Architecture Patterns.app/$(BUNDLE_EXECUTABLE_FOLDER_PATH)/Architecture Patterns";
			};
			name = Debug;
		};
		576268DC2974134D00F9CA8B /* Release */ = {
			isa = XCBuildConfiguration;
			buildSettings = {
				BUNDLE_LOADER = "$(TEST_HOST)";
				CLANG_CXX_LANGUAGE_STANDARD = "gnu++20";
				CLANG_ENABLE_MODULES = YES;
				CODE_SIGN_STYLE = Automatic;
				CURRENT_PROJECT_VERSION = 1;
				DEVELOPMENT_TEAM = P3BYVBK57Z;
				GENERATE_INFOPLIST_FILE = YES;
				IPHONEOS_DEPLOYMENT_TARGET = 16.2;
				LD_RUNPATH_SEARCH_PATHS = (
					"$(inherited)",
					"@executable_path/Frameworks",
					"@loader_path/Frameworks",
				);
				MARKETING_VERSION = 1.0;
				PRODUCT_BUNDLE_IDENTIFIER = ios.biiak.ArchitecturePatternsTests;
				PRODUCT_NAME = "$(TARGET_NAME)";
				SWIFT_EMIT_LOC_STRINGS = NO;
				SWIFT_VERSION = 5.0;
				TARGETED_DEVICE_FAMILY = "1,2";
				TEST_HOST = "$(BUILT_PRODUCTS_DIR)/Architecture Patterns.app/$(BUNDLE_EXECUTABLE_FOLDER_PATH)/Architecture Patterns";
			};
			name = Release;
		};
		578BF95F289D7DC600083FF2 /* Debug */ = {
			isa = XCBuildConfiguration;
			buildSettings = {
				ALWAYS_SEARCH_USER_PATHS = NO;
				CLANG_ANALYZER_NONNULL = YES;
				CLANG_ANALYZER_NUMBER_OBJECT_CONVERSION = YES_AGGRESSIVE;
				CLANG_CXX_LANGUAGE_STANDARD = "gnu++17";
				CLANG_ENABLE_MODULES = YES;
				CLANG_ENABLE_OBJC_ARC = YES;
				CLANG_ENABLE_OBJC_WEAK = YES;
				CLANG_WARN_BLOCK_CAPTURE_AUTORELEASING = YES;
				CLANG_WARN_BOOL_CONVERSION = YES;
				CLANG_WARN_COMMA = YES;
				CLANG_WARN_CONSTANT_CONVERSION = YES;
				CLANG_WARN_DEPRECATED_OBJC_IMPLEMENTATIONS = YES;
				CLANG_WARN_DIRECT_OBJC_ISA_USAGE = YES_ERROR;
				CLANG_WARN_DOCUMENTATION_COMMENTS = YES;
				CLANG_WARN_EMPTY_BODY = YES;
				CLANG_WARN_ENUM_CONVERSION = YES;
				CLANG_WARN_INFINITE_RECURSION = YES;
				CLANG_WARN_INT_CONVERSION = YES;
				CLANG_WARN_NON_LITERAL_NULL_CONVERSION = YES;
				CLANG_WARN_OBJC_IMPLICIT_RETAIN_SELF = YES;
				CLANG_WARN_OBJC_LITERAL_CONVERSION = YES;
				CLANG_WARN_OBJC_ROOT_CLASS = YES_ERROR;
				CLANG_WARN_QUOTED_INCLUDE_IN_FRAMEWORK_HEADER = YES;
				CLANG_WARN_RANGE_LOOP_ANALYSIS = YES;
				CLANG_WARN_STRICT_PROTOTYPES = YES;
				CLANG_WARN_SUSPICIOUS_MOVE = YES;
				CLANG_WARN_UNGUARDED_AVAILABILITY = YES_AGGRESSIVE;
				CLANG_WARN_UNREACHABLE_CODE = YES;
				CLANG_WARN__DUPLICATE_METHOD_MATCH = YES;
				COPY_PHASE_STRIP = NO;
				DEBUG_INFORMATION_FORMAT = dwarf;
				ENABLE_STRICT_OBJC_MSGSEND = YES;
				ENABLE_TESTABILITY = YES;
				GCC_C_LANGUAGE_STANDARD = gnu11;
				GCC_DYNAMIC_NO_PIC = NO;
				GCC_NO_COMMON_BLOCKS = YES;
				GCC_OPTIMIZATION_LEVEL = 0;
				GCC_PREPROCESSOR_DEFINITIONS = (
					"DEBUG=1",
					"$(inherited)",
				);
				GCC_WARN_64_TO_32_BIT_CONVERSION = YES;
				GCC_WARN_ABOUT_RETURN_TYPE = YES_ERROR;
				GCC_WARN_UNDECLARED_SELECTOR = YES;
				GCC_WARN_UNINITIALIZED_AUTOS = YES_AGGRESSIVE;
				GCC_WARN_UNUSED_FUNCTION = YES;
				GCC_WARN_UNUSED_VARIABLE = YES;
				IPHONEOS_DEPLOYMENT_TARGET = 15.5;
				MTL_ENABLE_DEBUG_INFO = INCLUDE_SOURCE;
				MTL_FAST_MATH = YES;
				ONLY_ACTIVE_ARCH = YES;
				SDKROOT = iphoneos;
				SWIFT_ACTIVE_COMPILATION_CONDITIONS = DEBUG;
				SWIFT_OPTIMIZATION_LEVEL = "-Onone";
			};
			name = Debug;
		};
		578BF960289D7DC600083FF2 /* Release */ = {
			isa = XCBuildConfiguration;
			buildSettings = {
				ALWAYS_SEARCH_USER_PATHS = NO;
				CLANG_ANALYZER_NONNULL = YES;
				CLANG_ANALYZER_NUMBER_OBJECT_CONVERSION = YES_AGGRESSIVE;
				CLANG_CXX_LANGUAGE_STANDARD = "gnu++17";
				CLANG_ENABLE_MODULES = YES;
				CLANG_ENABLE_OBJC_ARC = YES;
				CLANG_ENABLE_OBJC_WEAK = YES;
				CLANG_WARN_BLOCK_CAPTURE_AUTORELEASING = YES;
				CLANG_WARN_BOOL_CONVERSION = YES;
				CLANG_WARN_COMMA = YES;
				CLANG_WARN_CONSTANT_CONVERSION = YES;
				CLANG_WARN_DEPRECATED_OBJC_IMPLEMENTATIONS = YES;
				CLANG_WARN_DIRECT_OBJC_ISA_USAGE = YES_ERROR;
				CLANG_WARN_DOCUMENTATION_COMMENTS = YES;
				CLANG_WARN_EMPTY_BODY = YES;
				CLANG_WARN_ENUM_CONVERSION = YES;
				CLANG_WARN_INFINITE_RECURSION = YES;
				CLANG_WARN_INT_CONVERSION = YES;
				CLANG_WARN_NON_LITERAL_NULL_CONVERSION = YES;
				CLANG_WARN_OBJC_IMPLICIT_RETAIN_SELF = YES;
				CLANG_WARN_OBJC_LITERAL_CONVERSION = YES;
				CLANG_WARN_OBJC_ROOT_CLASS = YES_ERROR;
				CLANG_WARN_QUOTED_INCLUDE_IN_FRAMEWORK_HEADER = YES;
				CLANG_WARN_RANGE_LOOP_ANALYSIS = YES;
				CLANG_WARN_STRICT_PROTOTYPES = YES;
				CLANG_WARN_SUSPICIOUS_MOVE = YES;
				CLANG_WARN_UNGUARDED_AVAILABILITY = YES_AGGRESSIVE;
				CLANG_WARN_UNREACHABLE_CODE = YES;
				CLANG_WARN__DUPLICATE_METHOD_MATCH = YES;
				COPY_PHASE_STRIP = NO;
				DEBUG_INFORMATION_FORMAT = "dwarf-with-dsym";
				ENABLE_NS_ASSERTIONS = NO;
				ENABLE_STRICT_OBJC_MSGSEND = YES;
				GCC_C_LANGUAGE_STANDARD = gnu11;
				GCC_NO_COMMON_BLOCKS = YES;
				GCC_WARN_64_TO_32_BIT_CONVERSION = YES;
				GCC_WARN_ABOUT_RETURN_TYPE = YES_ERROR;
				GCC_WARN_UNDECLARED_SELECTOR = YES;
				GCC_WARN_UNINITIALIZED_AUTOS = YES_AGGRESSIVE;
				GCC_WARN_UNUSED_FUNCTION = YES;
				GCC_WARN_UNUSED_VARIABLE = YES;
				IPHONEOS_DEPLOYMENT_TARGET = 15.5;
				MTL_ENABLE_DEBUG_INFO = NO;
				MTL_FAST_MATH = YES;
				SDKROOT = iphoneos;
				SWIFT_COMPILATION_MODE = wholemodule;
				SWIFT_OPTIMIZATION_LEVEL = "-O";
				VALIDATE_PRODUCT = YES;
			};
			name = Release;
		};
		578BF962289D7DC600083FF2 /* Debug */ = {
			isa = XCBuildConfiguration;
			buildSettings = {
				ASSETCATALOG_COMPILER_APPICON_NAME = AppIcon;
				ASSETCATALOG_COMPILER_GLOBAL_ACCENT_COLOR_NAME = AccentColor;
				CODE_SIGN_IDENTITY = "Apple Development";
				CODE_SIGN_STYLE = Automatic;
				CURRENT_PROJECT_VERSION = 1;
				DEVELOPMENT_TEAM = P3BYVBK57Z;
				GENERATE_INFOPLIST_FILE = YES;
				INFOPLIST_FILE = "Architecture Patterns/Info.plist";
				INFOPLIST_KEY_UIApplicationSupportsIndirectInputEvents = YES;
				INFOPLIST_KEY_UILaunchStoryboardName = LaunchScreen;
				INFOPLIST_KEY_UISupportedInterfaceOrientations = UIInterfaceOrientationPortrait;
				INFOPLIST_KEY_UISupportedInterfaceOrientations_iPad = "UIInterfaceOrientationLandscapeLeft UIInterfaceOrientationLandscapeRight UIInterfaceOrientationPortrait UIInterfaceOrientationPortraitUpsideDown";
				LD_RUNPATH_SEARCH_PATHS = (
					"$(inherited)",
					"@executable_path/Frameworks",
				);
				MARKETING_VERSION = 1.0;
				PRODUCT_BUNDLE_IDENTIFIER = biiak.ios;
				PRODUCT_NAME = "$(TARGET_NAME)";
				PROVISIONING_PROFILE_SPECIFIER = "";
				SUPPORTED_PLATFORMS = "iphoneos iphonesimulator";
				SUPPORTS_MACCATALYST = NO;
				SUPPORTS_MAC_DESIGNED_FOR_IPHONE_IPAD = NO;
				SWIFT_EMIT_LOC_STRINGS = YES;
				SWIFT_VERSION = 5.0;
				TARGETED_DEVICE_FAMILY = 1;
			};
			name = Debug;
		};
		578BF963289D7DC600083FF2 /* Release */ = {
			isa = XCBuildConfiguration;
			buildSettings = {
				ASSETCATALOG_COMPILER_APPICON_NAME = AppIcon;
				ASSETCATALOG_COMPILER_GLOBAL_ACCENT_COLOR_NAME = AccentColor;
				CODE_SIGN_IDENTITY = "Apple Development";
				CODE_SIGN_STYLE = Automatic;
				CURRENT_PROJECT_VERSION = 1;
				DEVELOPMENT_TEAM = P3BYVBK57Z;
				GENERATE_INFOPLIST_FILE = YES;
				INFOPLIST_FILE = "Architecture Patterns/Info.plist";
				INFOPLIST_KEY_UIApplicationSupportsIndirectInputEvents = YES;
				INFOPLIST_KEY_UILaunchStoryboardName = LaunchScreen;
				INFOPLIST_KEY_UISupportedInterfaceOrientations = UIInterfaceOrientationPortrait;
				INFOPLIST_KEY_UISupportedInterfaceOrientations_iPad = "UIInterfaceOrientationLandscapeLeft UIInterfaceOrientationLandscapeRight UIInterfaceOrientationPortrait UIInterfaceOrientationPortraitUpsideDown";
				LD_RUNPATH_SEARCH_PATHS = (
					"$(inherited)",
					"@executable_path/Frameworks",
				);
				MARKETING_VERSION = 1.0;
				PRODUCT_BUNDLE_IDENTIFIER = biiak.ios;
				PRODUCT_NAME = "$(TARGET_NAME)";
				PROVISIONING_PROFILE_SPECIFIER = "";
				SUPPORTED_PLATFORMS = "iphoneos iphonesimulator";
				SUPPORTS_MACCATALYST = NO;
				SUPPORTS_MAC_DESIGNED_FOR_IPHONE_IPAD = NO;
				SWIFT_EMIT_LOC_STRINGS = YES;
				SWIFT_VERSION = 5.0;
				TARGETED_DEVICE_FAMILY = 1;
			};
			name = Release;
		};
/* End XCBuildConfiguration section */

/* Begin XCConfigurationList section */
		576268CB296F390700F9CA8B /* Build configuration list for PBXNativeTarget "ArchitecturePatternsUITests" */ = {
			isa = XCConfigurationList;
			buildConfigurations = (
				576268CC296F390700F9CA8B /* Debug */,
				576268CD296F390700F9CA8B /* Release */,
			);
			defaultConfigurationIsVisible = 0;
			defaultConfigurationName = Release;
		};
		576268DA2974134D00F9CA8B /* Build configuration list for PBXNativeTarget "ArchitecturePatternsTests" */ = {
			isa = XCConfigurationList;
			buildConfigurations = (
				576268DB2974134D00F9CA8B /* Debug */,
				576268DC2974134D00F9CA8B /* Release */,
			);
			defaultConfigurationIsVisible = 0;
			defaultConfigurationName = Release;
		};
		578BF948289D7DC300083FF2 /* Build configuration list for PBXProject "Architecture Patterns" */ = {
			isa = XCConfigurationList;
			buildConfigurations = (
				578BF95F289D7DC600083FF2 /* Debug */,
				578BF960289D7DC600083FF2 /* Release */,
			);
			defaultConfigurationIsVisible = 0;
			defaultConfigurationName = Release;
		};
		578BF961289D7DC600083FF2 /* Build configuration list for PBXNativeTarget "Architecture Patterns" */ = {
			isa = XCConfigurationList;
			buildConfigurations = (
				578BF962289D7DC600083FF2 /* Debug */,
				578BF963289D7DC600083FF2 /* Release */,
			);
			defaultConfigurationIsVisible = 0;
			defaultConfigurationName = Release;
		};
/* End XCConfigurationList section */
	};
	rootObject = 578BF945289D7DC300083FF2 /* Project object */;
}
